
Microsoft Visual Studio Solution File, Format Version 12.00
# Visual Studio Version 16
VisualStudioVersion = 16.0.31019.35
MinimumVisualStudioVersion = 10.0.40219.1
Project("{FAE04EC0-301F-11D3-BF4B-00C04F79EFBC}") = "ABD_CRM", "ABD_CRM\ABD_CRM.csproj", "{8F1A65A1-4F90-4AA2-AD05-B39D576D25D6}"
EndProject
Global
	GlobalSection(SolutionConfigurationPlatforms) = preSolution
		Debug|Any CPU = Debug|Any CPU
		Release|Any CPU = Release|Any CPU
	EndGlobalSection
	GlobalSection(ProjectConfigurationPlatforms) = postSolution
		{8F1A65A1-4F90-4AA2-AD05-B39D576D25D6}.Debug|Any CPU.ActiveCfg = Debug|Any CPU
		{8F1A65A1-4F90-4AA2-AD05-B39D576D25D6}.Debug|Any CPU.Build.0 = Debug|Any CPU
		{8F1A65A1-4F90-4AA2-AD05-B39D576D25D6}.Release|Any CPU.ActiveCfg = Release|Any CPU
		{8F1A65A1-4F90-4AA2-AD05-B39D576D25D6}.Release|Any CPU.Build.0 = Release|Any CPU
	EndGlobalSection
	GlobalSection(SolutionProperties) = preSolution
		HideSolutionNode = FALSE
	EndGlobalSection
	GlobalSection(ExtensibilityGlobals) = postSolution
		SolutionGuid = {587922AC-FB20-4220-ACA9-C3EF68887389}
	EndGlobalSection
EndGlobal
